
Microsoft Visual Studio Solution File, Format Version 12.00
# Visual Studio 15
VisualStudioVersion = 15.0.27130.2036
MinimumVisualStudioVersion = 10.0.40219.1
Project("{FAE04EC0-301F-11D3-BF4B-00C04F79EFBC}") = "TripletWithGivenSumExist", "TripletWithGivenSumExist\TripletWithGivenSumExist.csproj", "{EF9BB0BB-4A6E-42F1-875A-439C6FB8D563}"
EndProject
Global
	GlobalSection(SolutionConfigurationPlatforms) = preSolution
		Debug|Any CPU = Debug|Any CPU
		Release|Any CPU = Release|Any CPU
	EndGlobalSection
	GlobalSection(ProjectConfigurationPlatforms) = postSolution
		{EF9BB0BB-4A6E-42F1-875A-439C6FB8D563}.Debug|Any CPU.ActiveCfg = Debug|Any CPU
		{EF9BB0BB-4A6E-42F1-875A-439C6FB8D563}.Debug|Any CPU.Build.0 = Debug|Any CPU
		{EF9BB0BB-4A6E-42F1-875A-439C6FB8D563}.Release|Any CPU.ActiveCfg = Release|Any CPU
		{EF9BB0BB-4A6E-42F1-875A-439C6FB8D563}.Release|Any CPU.Build.0 = Release|Any CPU
	EndGlobalSection
	GlobalSection(SolutionProperties) = preSolution
		HideSolutionNode = FALSE
	EndGlobalSection
	GlobalSection(ExtensibilityGlobals) = postSolution
		SolutionGuid = {FD06D7DE-159D-412D-BF77-7D5D4B3E6F5D}
	EndGlobalSection
EndGlobal
